
Microsoft Visual Studio Solution File, Format Version 12.00
# Visual Studio Version 17
VisualStudioVersion = 17.4.33205.214
MinimumVisualStudioVersion = 10.0.40219.1
Project("{FAE04EC0-301F-11D3-BF4B-00C04F79EFBC}") = "SnakeAndLadder", "SnakeAndLadder.csproj", "{08958BF1-71BA-46E1-86F0-0A13599D9FAD}"
EndProject
Global
	GlobalSection(SolutionConfigurationPlatforms) = preSolution
		Debug|Any CPU = Debug|Any CPU
		Release|Any CPU = Release|Any CPU
	EndGlobalSection
	GlobalSection(ProjectConfigurationPlatforms) = postSolution
		{08958BF1-71BA-46E1-86F0-0A13599D9FAD}.Debug|Any CPU.ActiveCfg = Debug|Any CPU
		{08958BF1-71BA-46E1-86F0-0A13599D9FAD}.Debug|Any CPU.Build.0 = Debug|Any CPU
		{08958BF1-71BA-46E1-86F0-0A13599D9FAD}.Release|Any CPU.ActiveCfg = Release|Any CPU
		{08958BF1-71BA-46E1-86F0-0A13599D9FAD}.Release|Any CPU.Build.0 = Release|Any CPU
	EndGlobalSection
	GlobalSection(SolutionProperties) = preSolution
		HideSolutionNode = FALSE
	EndGlobalSection
	GlobalSection(ExtensibilityGlobals) = postSolution
		SolutionGuid = {CB7F3484-D6F6-45ED-9234-7EAE6E1A6602}
	EndGlobalSection
EndGlobal
